Microsoft Visual Studio Solution File, Format Version 12.00
# Visual Studio Version 17
VisualStudioVersion = 17.5.2.0
MinimumVisualStudioVersion = 10.0.40219.1
Project("{FAE04EC0-301F-11D3-BF4B-00C04F79EFBC}") = "ConsoleNetworkScanningAlerter", "ConsoleNetworkScanningAlerter.csproj", "{D6A54E09-4F84-A89A-C561-4E069BC6334D}"
EndProject
Global
	GlobalSection(SolutionConfigurationPlatforms) = preSolution
		Debug|Any CPU = Debug|Any CPU
		Release|Any CPU = Release|Any CPU
	EndGlobalSection
	GlobalSection(ProjectConfigurationPlatforms) = postSolution
		{D6A54E09-4F84-A89A-C561-4E069BC6334D}.Debug|Any CPU.ActiveCfg = Debug|Any CPU
		{D6A54E09-4F84-A89A-C561-4E069BC6334D}.Debug|Any CPU.Build.0 = Debug|Any CPU
		{D6A54E09-4F84-A89A-C561-4E069BC6334D}.Release|Any CPU.ActiveCfg = Release|Any CPU
		{D6A54E09-4F84-A89A-C561-4E069BC6334D}.Release|Any CPU.Build.0 = Release|Any CPU
	EndGlobalSection
	GlobalSection(SolutionProperties) = preSolution
		HideSolutionNode = FALSE
	EndGlobalSection
	GlobalSection(ExtensibilityGlobals) = postSolution
		SolutionGuid = {E5A44A55-DBB0-482D-8235-ED46A9449974}
	EndGlobalSection
EndGlobal
